
Microsoft Visual Studio Solution File, Format Version 12.00
# Visual Studio Version 17
VisualStudioVersion = 17.2.32630.192
MinimumVisualStudioVersion = 10.0.40219.1
Project("{9A19103F-16F7-4668-BE54-9A1E7A4F7556}") = "AdventOfCode", "AdventOfCode\AdventOfCode.csproj", "{AB5534D2-20EB-4BE8-AF10-C0C52744BFDB}"
EndProject
Global
	GlobalSection(SolutionConfigurationPlatforms) = preSolution
		Debug|Any CPU = Debug|Any CPU
		Release|Any CPU = Release|Any CPU
	EndGlobalSection
	GlobalSection(ProjectConfigurationPlatforms) = postSolution
		{AB5534D2-20EB-4BE8-AF10-C0C52744BFDB}.Debug|Any CPU.ActiveCfg = Debug|Any CPU
		{AB5534D2-20EB-4BE8-AF10-C0C52744BFDB}.Debug|Any CPU.Build.0 = Debug|Any CPU
		{AB5534D2-20EB-4BE8-AF10-C0C52744BFDB}.Release|Any CPU.ActiveCfg = Release|Any CPU
		{AB5534D2-20EB-4BE8-AF10-C0C52744BFDB}.Release|Any CPU.Build.0 = Release|Any CPU
	EndGlobalSection
	GlobalSection(SolutionProperties) = preSolution
		HideSolutionNode = FALSE
	EndGlobalSection
	GlobalSection(ExtensibilityGlobals) = postSolution
		SolutionGuid = {A97798B2-A255-459A-990B-2FA1A80B0869}
	EndGlobalSection
EndGlobal
